// !$*UTF8*$!
{
	archiveVersion = 1;
	classes = {
	};
	objectVersion = 46;
	objects = {

/* Begin PBXBuildFile section */
		1D3623260D0F684500981E51 /* KosherCocoaAppDelegate.m in Sources */ = {isa = PBXBuildFile; fileRef = 1D3623250D0F684500981E51 /* KosherCocoaAppDelegate.m */; };
		1D60589B0D05DD56006BFB54 /* main.m in Sources */ = {isa = PBXBuildFile; fileRef = 29B97316FDCFA39411CA2CEA /* main.m */; };
		1D60589F0D05DD5A006BFB54 /* Foundation.framework in Frameworks */ = {isa = PBXBuildFile; fileRef = 1D30AB110D05D00D00671497 /* Foundation.framework */; };
		1DF5F4E00D08C38300B7A737 /* UIKit.framework in Frameworks */ = {isa = PBXBuildFile; fileRef = 1DF5F4DF0D08C38300B7A737 /* UIKit.framework */; };
		288765A50DF7441C002DB57D /* CoreGraphics.framework in Frameworks */ = {isa = PBXBuildFile; fileRef = 288765A40DF7441C002DB57D /* CoreGraphics.framework */; };
		2899E5220DE3E06400AC0155 /* KosherCocoaViewController.xib in Resources */ = {isa = PBXBuildFile; fileRef = 2899E5210DE3E06400AC0155 /* KosherCocoaViewController.xib */; };
		28AD733F0D9D9553002E5188 /* MainWindow.xib in Resources */ = {isa = PBXBuildFile; fileRef = 28AD733E0D9D9553002E5188 /* MainWindow.xib */; };
		28D7ACF80DDB3853001CB0EB /* KosherCocoaViewController.m in Sources */ = {isa = PBXBuildFile; fileRef = 28D7ACF70DDB3853001CB0EB /* KosherCocoaViewController.m */; };
		460CEA991362118400737E03 /* SefiraDay.m in Sources */ = {isa = PBXBuildFile; fileRef = 460CEA8B1362118400737E03 /* SefiraDay.m */; };
		460CEA9A1362118400737E03 /* WeeklyParsha.m in Sources */ = {isa = PBXBuildFile; fileRef = 460CEA8D1362118400737E03 /* WeeklyParsha.m */; };
		460CEA9B1362118400737E03 /* MathAdditions.c in Sources */ = {isa = PBXBuildFile; fileRef = 460CEA901362118400737E03 /* MathAdditions.c */; };
		460CEA9C1362118400737E03 /* EarthViewer.m in Sources */ = {isa = PBXBuildFile; fileRef = 460CEA941362118400737E03 /* EarthViewer.m */; };
		460CEA9D1362118400737E03 /* GeoLocation.m in Sources */ = {isa = PBXBuildFile; fileRef = 460CEA961362118400737E03 /* GeoLocation.m */; };
		460CEA9E1362118400737E03 /* SunriseAndSunset.m in Sources */ = {isa = PBXBuildFile; fileRef = 460CEA981362118400737E03 /* SunriseAndSunset.m */; };
		460CEAA01362152300737E03 /* Icon.png in Resources */ = {isa = PBXBuildFile; fileRef = 460CEA9F1362152300737E03 /* Icon.png */; };
		463C429713D60F1500FE4885 /* ZmanimCalendar.m in Sources */ = {isa = PBXBuildFile; fileRef = 463C429613D60F1500FE4885 /* ZmanimCalendar.m */; };
		4648650D1343CB67009F34EF /* CoreLocation.framework in Frameworks */ = {isa = PBXBuildFile; fileRef = 4648650C1343CB67009F34EF /* CoreLocation.framework */; };
		46652F3D13452F2C00CAF9B0 /* Icon@2x.png in Resources */ = {isa = PBXBuildFile; fileRef = 46652F3B13452F2C00CAF9B0 /* Icon@2x.png */; };
		46652F4413453A1A00CAF9B0 /* iTunesArtwork in Resources */ = {isa = PBXBuildFile; fileRef = 46652F4313453A1A00CAF9B0 /* iTunesArtwork */; };
		46652F4713453ED900CAF9B0 /* Target.png in Resources */ = {isa = PBXBuildFile; fileRef = 46652F4513453ED900CAF9B0 /* Target.png */; };
		46652F4813453ED900CAF9B0 /* Target@2x.png in Resources */ = {isa = PBXBuildFile; fileRef = 46652F4613453ED900CAF9B0 /* Target@2x.png */; };
		467FC13813DC627100DFAB4D /* CalculatedZman.m in Sources */ = {isa = PBXBuildFile; fileRef = 467FC13713DC627100DFAB4D /* CalculatedZman.m */; };
		467FC13B13DC962400DFAB4D /* ComplexZmanimCalendar.m in Sources */ = {isa = PBXBuildFile; fileRef = 467FC13A13DC962400DFAB4D /* ComplexZmanimCalendar.m */; };
		46BCFB5313D9FE3B004D46EB /* AstronomicalCalendar.m in Sources */ = {isa = PBXBuildFile; fileRef = 46BCFB5213D9FE3B004D46EB /* AstronomicalCalendar.m */; };
		46BCFB5913DA1BB0004D46EB /* AstronomicalCalculator.m in Sources */ = {isa = PBXBuildFile; fileRef = 46BCFB5813DA1BB0004D46EB /* AstronomicalCalculator.m */; };
/* End PBXBuildFile section */

/* Begin PBXFileReference section */
		1D30AB110D05D00D00671497 /* Foundation.framework */ = {isa = PBXFileReference; lastKnownFileType = wrapper.framework; name = Foundation.framework; path = System/Library/Frameworks/Foundation.framework; sourceTree = SDKROOT; };
		1D3623240D0F684500981E51 /* KosherCocoaAppDelegate.h */ = {isa = PBXFileReference; fileEncoding = 4; lastKnownFileType = sourcecode.c.h; path = KosherCocoaAppDelegate.h; sourceTree = "<group>"; };
		1D3623250D0F684500981E51 /* KosherCocoaAppDelegate.m */ = {isa = PBXFileReference; fileEncoding = 4; lastKnownFileType = sourcecode.c.objc; path = KosherCocoaAppDelegate.m; sourceTree = "<group>"; };
		1D6058910D05DD3D006BFB54 /* KosherCocoa.app */ = {isa = PBXFileReference; explicitFileType = wrapper.application; includeInIndex = 0; path = KosherCocoa.app; sourceTree = BUILT_PRODUCTS_DIR; };
		1DF5F4DF0D08C38300B7A737 /* UIKit.framework */ = {isa = PBXFileReference; lastKnownFileType = wrapper.framework; name = UIKit.framework; path = System/Library/Frameworks/UIKit.framework; sourceTree = SDKROOT; };
		288765A40DF7441C002DB57D /* CoreGraphics.framework */ = {isa = PBXFileReference; lastKnownFileType = wrapper.framework; name = CoreGraphics.framework; path = System/Library/Frameworks/CoreGraphics.framework; sourceTree = SDKROOT; };
		2899E5210DE3E06400AC0155 /* KosherCocoaViewController.xib */ = {isa = PBXFileReference; lastKnownFileType = file.xib; path = KosherCocoaViewController.xib; sourceTree = "<group>"; };
		28AD733E0D9D9553002E5188 /* MainWindow.xib */ = {isa = PBXFileReference; lastKnownFileType = file.xib; path = MainWindow.xib; sourceTree = "<group>"; };
		28D7ACF60DDB3853001CB0EB /* KosherCocoaViewController.h */ = {isa = PBXFileReference; fileEncoding = 4; lastKnownFileType = sourcecode.c.h; path = KosherCocoaViewController.h; sourceTree = "<group>"; };
		28D7ACF70DDB3853001CB0EB /* KosherCocoaViewController.m */ = {isa = PBXFileReference; fileEncoding = 4; lastKnownFileType = sourcecode.c.objc; path = KosherCocoaViewController.m; sourceTree = "<group>"; };
		29B97316FDCFA39411CA2CEA /* main.m */ = {isa = PBXFileReference; fileEncoding = 4; lastKnownFileType = sourcecode.c.objc; path = main.m; sourceTree = "<group>"; };
		32CA4F630368D1EE00C91783 /* KosherCocoa_Prefix.pch */ = {isa = PBXFileReference; fileEncoding = 4; lastKnownFileType = sourcecode.c.h; path = KosherCocoa_Prefix.pch; sourceTree = "<group>"; };
		460CEA8A1362118400737E03 /* SefiraDay.h */ = {isa = PBXFileReference; fileEncoding = 4; lastKnownFileType = sourcecode.c.h; path = SefiraDay.h; sourceTree = "<group>"; };
		460CEA8B1362118400737E03 /* SefiraDay.m */ = {isa = PBXFileReference; fileEncoding = 4; lastKnownFileType = sourcecode.c.objc; path = SefiraDay.m; sourceTree = "<group>"; };
		460CEA8C1362118400737E03 /* WeeklyParsha.h */ = {isa = PBXFileReference; fileEncoding = 4; lastKnownFileType = sourcecode.c.h; path = WeeklyParsha.h; sourceTree = "<group>"; };
		460CEA8D1362118400737E03 /* WeeklyParsha.m */ = {isa = PBXFileReference; fileEncoding = 4; lastKnownFileType = sourcecode.c.objc; path = WeeklyParsha.m; sourceTree = "<group>"; };
		460CEA8F1362118400737E03 /* KosherCocoaConstants.h */ = {isa = PBXFileReference; fileEncoding = 4; lastKnownFileType = sourcecode.c.h; path = KosherCocoaConstants.h; sourceTree = "<group>"; };
		460CEA901362118400737E03 /* MathAdditions.c */ = {isa = PBXFileReference; fileEncoding = 4; lastKnownFileType = sourcecode.c.c; path = MathAdditions.c; sourceTree = "<group>"; };
		460CEA911362118400737E03 /* MathAdditions.h */ = {isa = PBXFileReference; fileEncoding = 4; lastKnownFileType = sourcecode.c.h; path = MathAdditions.h; sourceTree = "<group>"; };
		460CEA931362118400737E03 /* EarthViewer.h */ = {isa = PBXFileReference; fileEncoding = 4; lastKnownFileType = sourcecode.c.h; path = EarthViewer.h; sourceTree = "<group>"; };
		460CEA941362118400737E03 /* EarthViewer.m */ = {isa = PBXFileReference; fileEncoding = 4; lastKnownFileType = sourcecode.c.objc; path = EarthViewer.m; sourceTree = "<group>"; };
		460CEA951362118400737E03 /* GeoLocation.h */ = {isa = PBXFileReference; fileEncoding = 4; lastKnownFileType = sourcecode.c.h; path = GeoLocation.h; sourceTree = "<group>"; };
		460CEA961362118400737E03 /* GeoLocation.m */ = {isa = PBXFileReference; fileEncoding = 4; lastKnownFileType = sourcecode.c.objc; path = GeoLocation.m; sourceTree = "<group>"; };
		460CEA971362118400737E03 /* SunriseAndSunset.h */ = {isa = PBXFileReference; fileEncoding = 4; lastKnownFileType = sourcecode.c.h; path = SunriseAndSunset.h; sourceTree = "<group>"; };
		460CEA981362118400737E03 /* SunriseAndSunset.m */ = {isa = PBXFileReference; fileEncoding = 4; lastKnownFileType = sourcecode.c.objc; path = SunriseAndSunset.m; sourceTree = "<group>"; };
		460CEA9F1362152300737E03 /* Icon.png */ = {isa = PBXFileReference; lastKnownFileType = image.png; name = Icon.png; path = Images/Icon.png; sourceTree = "<group>"; };
		463C429513D60F1500FE4885 /* ZmanimCalendar.h */ = {isa = PBXFileReference; fileEncoding = 4; lastKnownFileType = sourcecode.c.h; name = ZmanimCalendar.h; path = Zmanim/ZmanimCalendar.h; sourceTree = "<group>"; };
		463C429613D60F1500FE4885 /* ZmanimCalendar.m */ = {isa = PBXFileReference; fileEncoding = 4; lastKnownFileType = sourcecode.c.objc; name = ZmanimCalendar.m; path = Zmanim/ZmanimCalendar.m; sourceTree = "<group>"; };
		4648650C1343CB67009F34EF /* CoreLocation.framework */ = {isa = PBXFileReference; lastKnownFileType = wrapper.framework; name = CoreLocation.framework; path = System/Library/Frameworks/CoreLocation.framework; sourceTree = SDKROOT; };
		46652F3B13452F2C00CAF9B0 /* Icon@2x.png */ = {isa = PBXFileReference; lastKnownFileType = image.png; name = "Icon@2x.png"; path = "Images/Icon@2x.png"; sourceTree = "<group>"; };
		46652F4313453A1A00CAF9B0 /* iTunesArtwork */ = {isa = PBXFileReference; lastKnownFileType = file; name = iTunesArtwork; path = Images/iTunesArtwork; sourceTree = "<group>"; };
		46652F4513453ED900CAF9B0 /* Target.png */ = {isa = PBXFileReference; lastKnownFileType = image.png; name = Target.png; path = Images/misc/Target.png; sourceTree = "<group>"; };
		46652F4613453ED900CAF9B0 /* Target@2x.png */ = {isa = PBXFileReference; lastKnownFileType = image.png; name = "Target@2x.png"; path = "Images/misc/Target@2x.png"; sourceTree = "<group>"; };
		467FC13613DC627000DFAB4D /* CalculatedZman.h */ = {isa = PBXFileReference; fileEncoding = 4; lastKnownFileType = sourcecode.c.h; path = CalculatedZman.h; sourceTree = "<group>"; };
		467FC13713DC627100DFAB4D /* CalculatedZman.m */ = {isa = PBXFileReference; fileEncoding = 4; lastKnownFileType = sourcecode.c.objc; path = CalculatedZman.m; sourceTree = "<group>"; };
		467FC13913DC962400DFAB4D /* ComplexZmanimCalendar.h */ = {isa = PBXFileReference; fileEncoding = 4; lastKnownFileType = sourcecode.c.h; name = ComplexZmanimCalendar.h; path = Zmanim/ComplexZmanimCalendar.h; sourceTree = "<group>"; };
		467FC13A13DC962400DFAB4D /* ComplexZmanimCalendar.m */ = {isa = PBXFileReference; fileEncoding = 4; lastKnownFileType = sourcecode.c.objc; name = ComplexZmanimCalendar.m; path = Zmanim/ComplexZmanimCalendar.m; sourceTree = "<group>"; };
		46BCFB5113D9FE3B004D46EB /* AstronomicalCalendar.h */ = {isa = PBXFileReference; fileEncoding = 4; lastKnownFileType = sourcecode.c.h; path = AstronomicalCalendar.h; sourceTree = "<group>"; };
		46BCFB5213D9FE3B004D46EB /* AstronomicalCalendar.m */ = {isa = PBXFileReference; fileEncoding = 4; lastKnownFileType = sourcecode.c.objc; path = AstronomicalCalendar.m; sourceTree = "<group>"; };
		46BCFB5713DA1BB0004D46EB /* AstronomicalCalculator.h */ = {isa = PBXFileReference; fileEncoding = 4; lastKnownFileType = sourcecode.c.h; path = AstronomicalCalculator.h; sourceTree = "<group>"; };
		46BCFB5813DA1BB0004D46EB /* AstronomicalCalculator.m */ = {isa = PBXFileReference; fileEncoding = 4; lastKnownFileType = sourcecode.c.objc; path = AstronomicalCalculator.m; sourceTree = "<group>"; };
		46C747B513D642E6001E6C08 /* AstronomicalCalendar.java */ = {isa = PBXFileReference; fileEncoding = 4; lastKnownFileType = sourcecode.java; path = AstronomicalCalendar.java; sourceTree = "<group>"; };
		46C747B613D642E6001E6C08 /* ComplexZmanimCalendar.java */ = {isa = PBXFileReference; fileEncoding = 4; lastKnownFileType = sourcecode.java; path = ComplexZmanimCalendar.java; sourceTree = "<group>"; };
		46C747B813D642E6001E6C08 /* Daf.java */ = {isa = PBXFileReference; fileEncoding = 4; lastKnownFileType = sourcecode.java; path = Daf.java; sourceTree = "<group>"; };
		46C747B913D642E6001E6C08 /* HebrewDateFormatter.java */ = {isa = PBXFileReference; fileEncoding = 4; lastKnownFileType = sourcecode.java; path = HebrewDateFormatter.java; sourceTree = "<group>"; };
		46C747BA13D642E6001E6C08 /* JewishCalendar.java */ = {isa = PBXFileReference; fileEncoding = 4; lastKnownFileType = sourcecode.java; path = JewishCalendar.java; sourceTree = "<group>"; };
		46C747BB13D642E6001E6C08 /* JewishDate.java */ = {isa = PBXFileReference; fileEncoding = 4; lastKnownFileType = sourcecode.java; path = JewishDate.java; sourceTree = "<group>"; };
		46C747BD13D642E6001E6C08 /* YomiCalculator.java */ = {isa = PBXFileReference; fileEncoding = 4; lastKnownFileType = sourcecode.java; path = YomiCalculator.java; sourceTree = "<group>"; };
		46C747C013D642E6001E6C08 /* AstronomicalCalculator.java */ = {isa = PBXFileReference; fileEncoding = 4; lastKnownFileType = sourcecode.java; path = AstronomicalCalculator.java; sourceTree = "<group>"; };
		46C747C113D642E6001E6C08 /* GeoLocation.java */ = {isa = PBXFileReference; fileEncoding = 4; lastKnownFileType = sourcecode.java; path = GeoLocation.java; sourceTree = "<group>"; };
		46C747C213D642E6001E6C08 /* GeoLocationUtils.java */ = {isa = PBXFileReference; fileEncoding = 4; lastKnownFileType = sourcecode.java; path = GeoLocationUtils.java; sourceTree = "<group>"; };
		46C747C313D642E6001E6C08 /* JSuntimeCalculator.java */ = {isa = PBXFileReference; fileEncoding = 4; lastKnownFileType = sourcecode.java; path = JSuntimeCalculator.java; sourceTree = "<group>"; };
		46C747C413D642E6001E6C08 /* NOAACalculator.java */ = {isa = PBXFileReference; fileEncoding = 4; lastKnownFileType = sourcecode.java; path = NOAACalculator.java; sourceTree = "<group>"; };
		46C747C613D642E6001E6C08 /* SunTimesCalculator.java */ = {isa = PBXFileReference; fileEncoding = 4; lastKnownFileType = sourcecode.java; path = SunTimesCalculator.java; sourceTree = "<group>"; };
		46C747C713D642E6001E6C08 /* Time.java */ = {isa = PBXFileReference; fileEncoding = 4; lastKnownFileType = sourcecode.java; path = Time.java; sourceTree = "<group>"; };
		46C747C813D642E6001E6C08 /* Zman.java */ = {isa = PBXFileReference; fileEncoding = 4; lastKnownFileType = sourcecode.java; path = Zman.java; sourceTree = "<group>"; };
		46C747C913D642E6001E6C08 /* ZmanimCalculator.java */ = {isa = PBXFileReference; fileEncoding = 4; lastKnownFileType = sourcecode.java; path = ZmanimCalculator.java; sourceTree = "<group>"; };
		46C747CA13D642E6001E6C08 /* ZmanimFormatter.java */ = {isa = PBXFileReference; fileEncoding = 4; lastKnownFileType = sourcecode.java; path = ZmanimFormatter.java; sourceTree = "<group>"; };
		46C747CB13D642E6001E6C08 /* ZmanimCalendar.java */ = {isa = PBXFileReference; fileEncoding = 4; lastKnownFileType = sourcecode.java; path = ZmanimCalendar.java; sourceTree = "<group>"; };
		8D1107310486CEB800E47090 /* KosherCocoa-Info.plist */ = {isa = PBXFileReference; fileEncoding = 4; lastKnownFileType = text.plist.xml; path = "KosherCocoa-Info.plist"; plistStructureDefinitionIdentifier = "com.apple.xcode.plist.structure-definition.iphone.info-plist"; sourceTree = "<group>"; };
/* End PBXFileReference section */

/* Begin PBXFrameworksBuildPhase section */
		1D60588F0D05DD3D006BFB54 /* Frameworks */ = {
			isa = PBXFrameworksBuildPhase;
			buildActionMask = 2147483647;
			files = (
				4648650D1343CB67009F34EF /* CoreLocation.framework in Frameworks */,
				1D60589F0D05DD5A006BFB54 /* Foundation.framework in Frameworks */,
				288765A50DF7441C002DB57D /* CoreGraphics.framework in Frameworks */,
				1DF5F4E00D08C38300B7A737 /* UIKit.framework in Frameworks */,
			);
			runOnlyForDeploymentPostprocessing = 0;
		};
/* End PBXFrameworksBuildPhase section */

/* Begin PBXGroup section */
		080E96DDFE201D6D7F000001 /* Classes */ = {
			isa = PBXGroup;
			children = (
				1D3623240D0F684500981E51 /* KosherCocoaAppDelegate.h */,
				1D3623250D0F684500981E51 /* KosherCocoaAppDelegate.m */,
				28D7ACF60DDB3853001CB0EB /* KosherCocoaViewController.h */,
				28D7ACF70DDB3853001CB0EB /* KosherCocoaViewController.m */,
				467FC13613DC627000DFAB4D /* CalculatedZman.h */,
				467FC13713DC627100DFAB4D /* CalculatedZman.m */,
			);
			path = Classes;
			sourceTree = "<group>";
		};
		19C28FACFE9D520D11CA2CBB /* Products */ = {
			isa = PBXGroup;
			children = (
				1D6058910D05DD3D006BFB54 /* KosherCocoa.app */,
			);
			name = Products;
			sourceTree = "<group>";
		};
		29B97314FDCFA39411CA2CEA /* CustomTemplate */ = {
			isa = PBXGroup;
			children = (
				46652F4313453A1A00CAF9B0 /* iTunesArtwork */,
				460CEA9F1362152300737E03 /* Icon.png */,
				46652F3B13452F2C00CAF9B0 /* Icon@2x.png */,
				46652F4513453ED900CAF9B0 /* Target.png */,
				46652F4613453ED900CAF9B0 /* Target@2x.png */,
				460CEA881362118400737E03 /* KosherCocoa */,
				46C747B413D642E6001E6C08 /* java-zmanim */,
				080E96DDFE201D6D7F000001 /* Classes */,
				29B97315FDCFA39411CA2CEA /* Other Sources */,
				29B97317FDCFA39411CA2CEA /* Resources */,
				29B97323FDCFA39411CA2CEA /* Frameworks */,
				19C28FACFE9D520D11CA2CBB /* Products */,
			);
			name = CustomTemplate;
			sourceTree = "<group>";
		};
		29B97315FDCFA39411CA2CEA /* Other Sources */ = {
			isa = PBXGroup;
			children = (
				32CA4F630368D1EE00C91783 /* KosherCocoa_Prefix.pch */,
				29B97316FDCFA39411CA2CEA /* main.m */,
			);
			name = "Other Sources";
			sourceTree = "<group>";
		};
		29B97317FDCFA39411CA2CEA /* Resources */ = {
			isa = PBXGroup;
			children = (
				2899E5210DE3E06400AC0155 /* KosherCocoaViewController.xib */,
				28AD733E0D9D9553002E5188 /* MainWindow.xib */,
				8D1107310486CEB800E47090 /* KosherCocoa-Info.plist */,
			);
			name = Resources;
			sourceTree = "<group>";
		};
		29B97323FDCFA39411CA2CEA /* Frameworks */ = {
			isa = PBXGroup;
			children = (
				4648650C1343CB67009F34EF /* CoreLocation.framework */,
				1DF5F4DF0D08C38300B7A737 /* UIKit.framework */,
				1D30AB110D05D00D00671497 /* Foundation.framework */,
				288765A40DF7441C002DB57D /* CoreGraphics.framework */,
			);
			name = Frameworks;
			sourceTree = "<group>";
		};
		460CEA881362118400737E03 /* KosherCocoa */ = {
			isa = PBXGroup;
			children = (
				463C429413D60EA200FE4885 /* Halachic Times */,
				460CEA891362118400737E03 /* Calendar */,
				460CEA8E1362118400737E03 /* Required */,
				460CEA921362118400737E03 /* Times */,
			);
			path = KosherCocoa;
			sourceTree = "<group>";
		};
		460CEA891362118400737E03 /* Calendar */ = {
			isa = PBXGroup;
			children = (
				460CEA8A1362118400737E03 /* SefiraDay.h */,
				460CEA8B1362118400737E03 /* SefiraDay.m */,
				460CEA8C1362118400737E03 /* WeeklyParsha.h */,
				460CEA8D1362118400737E03 /* WeeklyParsha.m */,
			);
			path = Calendar;
			sourceTree = "<group>";
		};
		460CEA8E1362118400737E03 /* Required */ = {
			isa = PBXGroup;
			children = (
				460CEA8F1362118400737E03 /* KosherCocoaConstants.h */,
				460CEA911362118400737E03 /* MathAdditions.h */,
				460CEA901362118400737E03 /* MathAdditions.c */,
			);
			path = Required;
			sourceTree = "<group>";
		};
		460CEA921362118400737E03 /* Times */ = {
			isa = PBXGroup;
			children = (
				460CEA931362118400737E03 /* EarthViewer.h */,
				460CEA941362118400737E03 /* EarthViewer.m */,
				460CEA951362118400737E03 /* GeoLocation.h */,
				460CEA961362118400737E03 /* GeoLocation.m */,
				460CEA971362118400737E03 /* SunriseAndSunset.h */,
				460CEA981362118400737E03 /* SunriseAndSunset.m */,
				46BCFB5113D9FE3B004D46EB /* AstronomicalCalendar.h */,
				46BCFB5213D9FE3B004D46EB /* AstronomicalCalendar.m */,
				46BCFB5713DA1BB0004D46EB /* AstronomicalCalculator.h */,
				46BCFB5813DA1BB0004D46EB /* AstronomicalCalculator.m */,
			);
			path = Times;
			sourceTree = "<group>";
		};
		463C429413D60EA200FE4885 /* Halachic Times */ = {
			isa = PBXGroup;
			children = (
				463C429513D60F1500FE4885 /* ZmanimCalendar.h */,
				463C429613D60F1500FE4885 /* ZmanimCalendar.m */,
				467FC13913DC962400DFAB4D /* ComplexZmanimCalendar.h */,
				467FC13A13DC962400DFAB4D /* ComplexZmanimCalendar.m */,
			);
			name = "Halachic Times";
			sourceTree = "<group>";
		};
		46C747B413D642E6001E6C08 /* java-zmanim */ = {
			isa = PBXGroup;
			children = (
				46C747B513D642E6001E6C08 /* AstronomicalCalendar.java */,
				46C747B613D642E6001E6C08 /* ComplexZmanimCalendar.java */,
				46C747B713D642E6001E6C08 /* hebrewcalendar */,
				46C747BF13D642E6001E6C08 /* util */,
				46C747CB13D642E6001E6C08 /* ZmanimCalendar.java */,
			);
			path = "java-zmanim";
			sourceTree = "<group>";
		};
		46C747B713D642E6001E6C08 /* hebrewcalendar */ = {
			isa = PBXGroup;
			children = (
				46C747B813D642E6001E6C08 /* Daf.java */,
				46C747B913D642E6001E6C08 /* HebrewDateFormatter.java */,
				46C747BA13D642E6001E6C08 /* JewishCalendar.java */,
				46C747BB13D642E6001E6C08 /* JewishDate.java */,
				46C747BD13D642E6001E6C08 /* YomiCalculator.java */,
			);
			path = hebrewcalendar;
			sourceTree = "<group>";
		};
		46C747BF13D642E6001E6C08 /* util */ = {
			isa = PBXGroup;
			children = (
				46C747C013D642E6001E6C08 /* AstronomicalCalculator.java */,
				46C747C113D642E6001E6C08 /* GeoLocation.java */,
				46C747C213D642E6001E6C08 /* GeoLocationUtils.java */,
				46C747C313D642E6001E6C08 /* JSuntimeCalculator.java */,
				46C747C413D642E6001E6C08 /* NOAACalculator.java */,
				46C747C613D642E6001E6C08 /* SunTimesCalculator.java */,
				46C747C713D642E6001E6C08 /* Time.java */,
				46C747C813D642E6001E6C08 /* Zman.java */,
				46C747C913D642E6001E6C08 /* ZmanimCalculator.java */,
				46C747CA13D642E6001E6C08 /* ZmanimFormatter.java */,
			);
			path = util;
			sourceTree = "<group>";
		};
/* End PBXGroup section */

/* Begin PBXNativeTarget section */
		1D6058900D05DD3D006BFB54 /* KosherCocoa */ = {
			isa = PBXNativeTarget;
			buildConfigurationList = 1D6058960D05DD3E006BFB54 /* Build configuration list for PBXNativeTarget "KosherCocoa" */;
			buildPhases = (
				1D60588D0D05DD3D006BFB54 /* Resources */,
				1D60588E0D05DD3D006BFB54 /* Sources */,
				1D60588F0D05DD3D006BFB54 /* Frameworks */,
			);
			buildRules = (
			);
			dependencies = (
			);
			name = KosherCocoa;
			productName = Zmanim;
			productReference = 1D6058910D05DD3D006BFB54 /* KosherCocoa.app */;
			productType = "com.apple.product-type.application";
		};
/* End PBXNativeTarget section */

/* Begin PBXProject section */
		29B97313FDCFA39411CA2CEA /* Project object */ = {
			isa = PBXProject;
			attributes = {
				LastUpgradeCheck = 0420;
			};
			buildConfigurationList = C01FCF4E08A954540054247B /* Build configuration list for PBXProject "KosherCocoa" */;
			compatibilityVersion = "Xcode 3.2";
			developmentRegion = English;
			hasScannedForEncodings = 1;
			knownRegions = (
				English,
				Japanese,
				French,
				German,
			);
			mainGroup = 29B97314FDCFA39411CA2CEA /* CustomTemplate */;
			projectDirPath = "";
			projectRoot = "";
			targets = (
				1D6058900D05DD3D006BFB54 /* KosherCocoa */,
			);
		};
/* End PBXProject section */

/* Begin PBXResourcesBuildPhase section */
		1D60588D0D05DD3D006BFB54 /* Resources */ = {
			isa = PBXResourcesBuildPhase;
			buildActionMask = 2147483647;
			files = (
				28AD733F0D9D9553002E5188 /* MainWindow.xib in Resources */,
				2899E5220DE3E06400AC0155 /* KosherCocoaViewController.xib in Resources */,
				46652F3D13452F2C00CAF9B0 /* Icon@2x.png in Resources */,
				46652F4413453A1A00CAF9B0 /* iTunesArtwork in Resources */,
				46652F4713453ED900CAF9B0 /* Target.png in Resources */,
				46652F4813453ED900CAF9B0 /* Target@2x.png in Resources */,
				460CEAA01362152300737E03 /* Icon.png in Resources */,
			);
			runOnlyForDeploymentPostprocessing = 0;
		};
/* End PBXResourcesBuildPhase section */

/* Begin PBXSourcesBuildPhase section */
		1D60588E0D05DD3D006BFB54 /* Sources */ = {
			isa = PBXSourcesBuildPhase;
			buildActionMask = 2147483647;
			files = (
				1D60589B0D05DD56006BFB54 /* main.m in Sources */,
				1D3623260D0F684500981E51 /* KosherCocoaAppDelegate.m in Sources */,
				28D7ACF80DDB3853001CB0EB /* KosherCocoaViewController.m in Sources */,
				460CEA991362118400737E03 /* SefiraDay.m in Sources */,
				460CEA9A1362118400737E03 /* WeeklyParsha.m in Sources */,
				460CEA9B1362118400737E03 /* MathAdditions.c in Sources */,
				460CEA9C1362118400737E03 /* EarthViewer.m in Sources */,
				460CEA9D1362118400737E03 /* GeoLocation.m in Sources */,
				460CEA9E1362118400737E03 /* SunriseAndSunset.m in Sources */,
				463C429713D60F1500FE4885 /* ZmanimCalendar.m in Sources */,
				46BCFB5313D9FE3B004D46EB /* AstronomicalCalendar.m in Sources */,
				46BCFB5913DA1BB0004D46EB /* AstronomicalCalculator.m in Sources */,
				467FC13813DC627100DFAB4D /* CalculatedZman.m in Sources */,
				467FC13B13DC962400DFAB4D /* ComplexZmanimCalendar.m in Sources */,
			);
			runOnlyForDeploymentPostprocessing = 0;
		};
/* End PBXSourcesBuildPhase section */

/* Begin XCBuildConfiguration section */
		1D6058940D05DD3E006BFB54 /* Debug */ = {
			isa = XCBuildConfiguration;
			buildSettings = {
				ALWAYS_SEARCH_USER_PATHS = NO;
				COPY_PHASE_STRIP = NO;
				GCC_DYNAMIC_NO_PIC = NO;
				GCC_OPTIMIZATION_LEVEL = 0;
				GCC_PRECOMPILE_PREFIX_HEADER = YES;
				GCC_PREFIX_HEADER = KosherCocoa_Prefix.pch;
				GCC_VERSION = com.apple.compilers.llvmgcc42;
				INFOPLIST_FILE = "KosherCocoa-Info.plist";
				IPHONEOS_DEPLOYMENT_TARGET = 3.0;
				PRODUCT_NAME = KosherCocoa;
			};
			name = Debug;
		};
		1D6058950D05DD3E006BFB54 /* Release */ = {
			isa = XCBuildConfiguration;
			buildSettings = {
				ALWAYS_SEARCH_USER_PATHS = NO;
				"CODE_SIGN_IDENTITY[sdk=iphoneos*]" = "iPhone Distribution: Moshe Berman";
				COPY_PHASE_STRIP = YES;
				GCC_PRECOMPILE_PREFIX_HEADER = YES;
				GCC_PREFIX_HEADER = KosherCocoa_Prefix.pch;
				GCC_VERSION = com.apple.compilers.llvmgcc42;
				INFOPLIST_FILE = "KosherCocoa-Info.plist";
				IPHONEOS_DEPLOYMENT_TARGET = 3.0;
				PRODUCT_NAME = KosherCocoa;
				"PROVISIONING_PROFILE[sdk=iphoneos*]" = "DA1E7AB7-D36E-48EA-B2DE-5BCD67FE614E";
				VALIDATE_PRODUCT = YES;
			};
			name = Release;
		};
		C01FCF4F08A954540054247B /* Debug */ = {
			isa = XCBuildConfiguration;
			buildSettings = {
				ARCHS = "$(ARCHS_STANDARD_32_BIT)";
				"CODE_SIGN_IDENTITY[sdk=iphoneos*]" = "iPhone Developer";
				GCC_C_LANGUAGE_STANDARD = c99;
				GCC_WARN_ABOUT_RETURN_TYPE = YES;
				GCC_WARN_UNUSED_VARIABLE = YES;
				SDKROOT = iphoneos;
			};
			name = Debug;
		};
		C01FCF5008A954540054247B /* Release */ = {
			isa = XCBuildConfiguration;
			buildSettings = {
				ARCHS = "$(ARCHS_STANDARD_32_BIT)";
				"CODE_SIGN_IDENTITY[sdk=iphoneos*]" = "iPhone Developer";
				GCC_C_LANGUAGE_STANDARD = c99;
				GCC_WARN_ABOUT_RETURN_TYPE = YES;
				GCC_WARN_UNUSED_VARIABLE = YES;
				OTHER_CFLAGS = "-DNS_BLOCK_ASSERTIONS=1";
				SDKROOT = iphoneos;
			};
			name = Release;
		};
/* End XCBuildConfiguration section */

/* Begin XCConfigurationList section */
		1D6058960D05DD3E006BFB54 /* Build configuration list for PBXNativeTarget "KosherCocoa" */ = {
			isa = XCConfigurationList;
			buildConfigurations = (
				1D6058940D05DD3E006BFB54 /* Debug */,
				1D6058950D05DD3E006BFB54 /* Release */,
			);
			defaultConfigurationIsVisible = 0;
			defaultConfigurationName = Release;
		};
		C01FCF4E08A954540054247B /* Build configuration list for PBXProject "KosherCocoa" */ = {
			isa = XCConfigurationList;
			buildConfigurations = (
				C01FCF4F08A954540054247B /* Debug */,
				C01FCF5008A954540054247B /* Release */,
			);
			defaultConfigurationIsVisible = 0;
			defaultConfigurationName = Release;
		};
/* End XCConfigurationList section */
	};
	rootObject = 29B97313FDCFA39411CA2CEA /* Project object */;
}
